
Microsoft Visual Studio Solution File, Format Version 12.00
# Visual Studio 15
VisualStudioVersion = 15.0.27703.2035
MinimumVisualStudioVersion = 10.0.40219.1
Project("{00D1A9C2-B5F0-4AF3-8072-F6C62B433612}") = "DessertTaCeinture.Database", "DessertTaCeinture.Database\DessertTaCeinture.Database.sqlproj", "{F20336EB-E862-49C4-AD4B-AEDA3D9208DC}"
EndProject
Global
	GlobalSection(SolutionConfigurationPlatforms) = preSolution
		Debug|Any CPU = Debug|Any CPU
		Release|Any CPU = Release|Any CPU
	EndGlobalSection
	GlobalSection(ProjectConfigurationPlatforms) = postSolution
		{F20336EB-E862-49C4-AD4B-AEDA3D9208DC}.Debug|Any CPU.ActiveCfg = Debug|Any CPU
		{F20336EB-E862-49C4-AD4B-AEDA3D9208DC}.Debug|Any CPU.Build.0 = Debug|Any CPU
		{F20336EB-E862-49C4-AD4B-AEDA3D9208DC}.Debug|Any CPU.Deploy.0 = Debug|Any CPU
		{F20336EB-E862-49C4-AD4B-AEDA3D9208DC}.Release|Any CPU.ActiveCfg = Release|Any CPU
		{F20336EB-E862-49C4-AD4B-AEDA3D9208DC}.Release|Any CPU.Build.0 = Release|Any CPU
		{F20336EB-E862-49C4-AD4B-AEDA3D9208DC}.Release|Any CPU.Deploy.0 = Release|Any CPU
	EndGlobalSection
	GlobalSection(SolutionProperties) = preSolution
		HideSolutionNode = FALSE
	EndGlobalSection
	GlobalSection(ExtensibilityGlobals) = postSolution
		SolutionGuid = {EB7E7385-161D-4927-8134-6A6D79BAAC1E}
	EndGlobalSection
EndGlobal
